
Microsoft Visual Studio Solution File, Format Version 12.00
# Visual Studio Version 17
VisualStudioVersion = 17.8.34330.188
MinimumVisualStudioVersion = 10.0.40219.1
Project("{FAE04EC0-301F-11D3-BF4B-00C04F79EFBC}") = "APL", "APL\APL.csproj", "{793F2DF9-AAB8-4570-ACF7-90537C25C3E1}"
EndProject
Project("{FAE04EC0-301F-11D3-BF4B-00C04F79EFBC}") = "BLL", "BLL\BLL.csproj", "{0C280270-771A-4906-98E2-A9A81FAA89F1}"
EndProject
Project("{FAE04EC0-301F-11D3-BF4B-00C04F79EFBC}") = "DAL", "DAL\DAL.csproj", "{1FCEF140-6971-48A3-A1FC-C1849C4E7BCB}"
EndProject
Global
	GlobalSection(SolutionConfigurationPlatforms) = preSolution
		Debug|Any CPU = Debug|Any CPU
		Release|Any CPU = Release|Any CPU
	EndGlobalSection
	GlobalSection(ProjectConfigurationPlatforms) = postSolution
		{793F2DF9-AAB8-4570-ACF7-90537C25C3E1}.Debug|Any CPU.ActiveCfg = Debug|Any CPU
		{793F2DF9-AAB8-4570-ACF7-90537C25C3E1}.Debug|Any CPU.Build.0 = Debug|Any CPU
		{793F2DF9-AAB8-4570-ACF7-90537C25C3E1}.Release|Any CPU.ActiveCfg = Release|Any CPU
		{793F2DF9-AAB8-4570-ACF7-90537C25C3E1}.Release|Any CPU.Build.0 = Release|Any CPU
		{0C280270-771A-4906-98E2-A9A81FAA89F1}.Debug|Any CPU.ActiveCfg = Debug|Any CPU
		{0C280270-771A-4906-98E2-A9A81FAA89F1}.Debug|Any CPU.Build.0 = Debug|Any CPU
		{0C280270-771A-4906-98E2-A9A81FAA89F1}.Release|Any CPU.ActiveCfg = Release|Any CPU
		{0C280270-771A-4906-98E2-A9A81FAA89F1}.Release|Any CPU.Build.0 = Release|Any CPU
		{1FCEF140-6971-48A3-A1FC-C1849C4E7BCB}.Debug|Any CPU.ActiveCfg = Debug|Any CPU
		{1FCEF140-6971-48A3-A1FC-C1849C4E7BCB}.Debug|Any CPU.Build.0 = Debug|Any CPU
		{1FCEF140-6971-48A3-A1FC-C1849C4E7BCB}.Release|Any CPU.ActiveCfg = Release|Any CPU
		{1FCEF140-6971-48A3-A1FC-C1849C4E7BCB}.Release|Any CPU.Build.0 = Release|Any CPU
	EndGlobalSection
	GlobalSection(SolutionProperties) = preSolution
		HideSolutionNode = FALSE
	EndGlobalSection
	GlobalSection(ExtensibilityGlobals) = postSolution
		SolutionGuid = {D3E99085-8FC5-4AC2-800E-F4E4312CBBF5}
	EndGlobalSection
EndGlobal
